
Microsoft Visual Studio Solution File, Format Version 12.00
# Visual Studio Version 16
VisualStudioVersion = 16.0.31313.79
MinimumVisualStudioVersion = 10.0.40219.1
Project("{FAE04EC0-301F-11D3-BF4B-00C04F79EFBC}") = "AppMvc", "AppMvc\AppMvc.csproj", "{72126E1F-9CAC-4858-836D-4F865E052F3B}"
EndProject
Global
	GlobalSection(SolutionConfigurationPlatforms) = preSolution
		Debug|Any CPU = Debug|Any CPU
		Release|Any CPU = Release|Any CPU
	EndGlobalSection
	GlobalSection(ProjectConfigurationPlatforms) = postSolution
		{72126E1F-9CAC-4858-836D-4F865E052F3B}.Debug|Any CPU.ActiveCfg = Debug|Any CPU
		{72126E1F-9CAC-4858-836D-4F865E052F3B}.Debug|Any CPU.Build.0 = Debug|Any CPU
		{72126E1F-9CAC-4858-836D-4F865E052F3B}.Release|Any CPU.ActiveCfg = Release|Any CPU
		{72126E1F-9CAC-4858-836D-4F865E052F3B}.Release|Any CPU.Build.0 = Release|Any CPU
	EndGlobalSection
	GlobalSection(SolutionProperties) = preSolution
		HideSolutionNode = FALSE
	EndGlobalSection
	GlobalSection(ExtensibilityGlobals) = postSolution
		SolutionGuid = {CDED8B5F-BE15-41D2-BA61-B5CA517B39B6}
	EndGlobalSection
EndGlobal
